
Microsoft Visual Studio Solution File, Format Version 12.00
# Visual Studio Version 17
VisualStudioVersion = 17.0.31903.59
MinimumVisualStudioVersion = 10.0.40219.1
Project("{9A19103F-16F7-4668-BE54-9A1E7A4F7556}") = "BlazorAssembly1", "BlazorAssembly1\BlazorAssembly1.csproj", "{0440CF6E-5B4A-4AC6-9B84-E82D4AFCC53D}"
EndProject
Project("{9A19103F-16F7-4668-BE54-9A1E7A4F7556}") = "CoreAppApi", "CoreAppApi\CoreAppApi.csproj", "{9A345FB7-55FD-4D88-8ECA-1AAD36E28E44}"
EndProject
Global
	GlobalSection(SolutionConfigurationPlatforms) = preSolution
		Debug|Any CPU = Debug|Any CPU
		Release|Any CPU = Release|Any CPU
	EndGlobalSection
	GlobalSection(ProjectConfigurationPlatforms) = postSolution
		{0440CF6E-5B4A-4AC6-9B84-E82D4AFCC53D}.Debug|Any CPU.ActiveCfg = Debug|Any CPU
		{0440CF6E-5B4A-4AC6-9B84-E82D4AFCC53D}.Debug|Any CPU.Build.0 = Debug|Any CPU
		{0440CF6E-5B4A-4AC6-9B84-E82D4AFCC53D}.Release|Any CPU.ActiveCfg = Release|Any CPU
		{0440CF6E-5B4A-4AC6-9B84-E82D4AFCC53D}.Release|Any CPU.Build.0 = Release|Any CPU
		{9A345FB7-55FD-4D88-8ECA-1AAD36E28E44}.Debug|Any CPU.ActiveCfg = Debug|Any CPU
		{9A345FB7-55FD-4D88-8ECA-1AAD36E28E44}.Debug|Any CPU.Build.0 = Debug|Any CPU
		{9A345FB7-55FD-4D88-8ECA-1AAD36E28E44}.Release|Any CPU.ActiveCfg = Release|Any CPU
		{9A345FB7-55FD-4D88-8ECA-1AAD36E28E44}.Release|Any CPU.Build.0 = Release|Any CPU
	EndGlobalSection
	GlobalSection(SolutionProperties) = preSolution
		HideSolutionNode = FALSE
	EndGlobalSection
	GlobalSection(ExtensibilityGlobals) = postSolution
		SolutionGuid = {BE240F4C-5F1E-41C8-9C5A-0C36C568E29C}
	EndGlobalSection
EndGlobal
